
Microsoft Visual Studio Solution File, Format Version 12.00
# Visual Studio Version 16
VisualStudioVersion = 16.0.30804.86
MinimumVisualStudioVersion = 10.0.40219.1
Project("{FAE04EC0-301F-11D3-BF4B-00C04F79EFBC}") = "WatchPortalFunction", "WatchPortalFunction.csproj", "{7298B485-14BD-47FB-9D26-C2D3EA739107}"
EndProject
Project("{FAE04EC0-301F-11D3-BF4B-00C04F79EFBC}") = "WatchFunctionsTest", "..\WatchFunctionsTest\WatchFunctionsTest.csproj", "{2B985DA1-3C6D-49B7-A937-FC800D6D93A1}"
EndProject
Global
	GlobalSection(SolutionConfigurationPlatforms) = preSolution
		Debug|Any CPU = Debug|Any CPU
		Release|Any CPU = Release|Any CPU
	EndGlobalSection
	GlobalSection(ProjectConfigurationPlatforms) = postSolution
		{7298B485-14BD-47FB-9D26-C2D3EA739107}.Debug|Any CPU.ActiveCfg = Debug|Any CPU
		{7298B485-14BD-47FB-9D26-C2D3EA739107}.Debug|Any CPU.Build.0 = Debug|Any CPU
		{7298B485-14BD-47FB-9D26-C2D3EA739107}.Release|Any CPU.ActiveCfg = Release|Any CPU
		{7298B485-14BD-47FB-9D26-C2D3EA739107}.Release|Any CPU.Build.0 = Release|Any CPU
		{2B985DA1-3C6D-49B7-A937-FC800D6D93A1}.Debug|Any CPU.ActiveCfg = Debug|Any CPU
		{2B985DA1-3C6D-49B7-A937-FC800D6D93A1}.Debug|Any CPU.Build.0 = Debug|Any CPU
		{2B985DA1-3C6D-49B7-A937-FC800D6D93A1}.Release|Any CPU.ActiveCfg = Release|Any CPU
		{2B985DA1-3C6D-49B7-A937-FC800D6D93A1}.Release|Any CPU.Build.0 = Release|Any CPU
	EndGlobalSection
	GlobalSection(SolutionProperties) = preSolution
		HideSolutionNode = FALSE
	EndGlobalSection
	GlobalSection(ExtensibilityGlobals) = postSolution
		SolutionGuid = {C16E6A96-E12D-451D-999D-91DAF35A4786}
	EndGlobalSection
EndGlobal
